
Microsoft Visual Studio Solution File, Format Version 12.00
# Visual Studio Version 16
VisualStudioVersion = 16.0.31424.327
MinimumVisualStudioVersion = 10.0.40219.1
Project("{FAE04EC0-301F-11D3-BF4B-00C04F79EFBC}") = "ImprimirArchivo", "ImprimirArchivo.csproj", "{25E433B7-E867-4B2B-B724-ADE1C6909F9F}"
EndProject
Global
	GlobalSection(SolutionConfigurationPlatforms) = preSolution
		Debug|Any CPU = Debug|Any CPU
		Release|Any CPU = Release|Any CPU
	EndGlobalSection
	GlobalSection(ProjectConfigurationPlatforms) = postSolution
		{25E433B7-E867-4B2B-B724-ADE1C6909F9F}.Debug|Any CPU.ActiveCfg = Debug|Any CPU
		{25E433B7-E867-4B2B-B724-ADE1C6909F9F}.Debug|Any CPU.Build.0 = Debug|Any CPU
		{25E433B7-E867-4B2B-B724-ADE1C6909F9F}.Release|Any CPU.ActiveCfg = Release|Any CPU
		{25E433B7-E867-4B2B-B724-ADE1C6909F9F}.Release|Any CPU.Build.0 = Release|Any CPU
	EndGlobalSection
	GlobalSection(SolutionProperties) = preSolution
		HideSolutionNode = FALSE
	EndGlobalSection
	GlobalSection(ExtensibilityGlobals) = postSolution
		SolutionGuid = {33C88FBB-DFD4-4F40-8A9A-D3F7F86F33C4}
	EndGlobalSection
EndGlobal
